
Microsoft Visual Studio Solution File, Format Version 12.00
# Visual Studio Version 16
VisualStudioVersion = 16.0.30503.244
MinimumVisualStudioVersion = 10.0.40219.1
Project("{FAE04EC0-301F-11D3-BF4B-00C04F79EFBC}") = "SpamProtectorApp", "SpamProtectorApp\SpamProtectorApp.csproj", "{DF2F8ED2-AE16-4F1E-9B96-CF873DD4FA82}"
EndProject
Project("{FAE04EC0-301F-11D3-BF4B-00C04F79EFBC}") = "SpamProtectorLib", "SpamProtectorLib\SpamProtectorLib.csproj", "{2B72AC35-4223-4625-8A9C-C3F11F9837BF}"
EndProject
Global
	GlobalSection(SolutionConfigurationPlatforms) = preSolution
		Debug|Any CPU = Debug|Any CPU
		Release|Any CPU = Release|Any CPU
	EndGlobalSection
	GlobalSection(ProjectConfigurationPlatforms) = postSolution
		{DF2F8ED2-AE16-4F1E-9B96-CF873DD4FA82}.Debug|Any CPU.ActiveCfg = Debug|Any CPU
		{DF2F8ED2-AE16-4F1E-9B96-CF873DD4FA82}.Debug|Any CPU.Build.0 = Debug|Any CPU
		{DF2F8ED2-AE16-4F1E-9B96-CF873DD4FA82}.Release|Any CPU.ActiveCfg = Release|Any CPU
		{DF2F8ED2-AE16-4F1E-9B96-CF873DD4FA82}.Release|Any CPU.Build.0 = Release|Any CPU
		{2B72AC35-4223-4625-8A9C-C3F11F9837BF}.Debug|Any CPU.ActiveCfg = Debug|Any CPU
		{2B72AC35-4223-4625-8A9C-C3F11F9837BF}.Debug|Any CPU.Build.0 = Debug|Any CPU
		{2B72AC35-4223-4625-8A9C-C3F11F9837BF}.Release|Any CPU.ActiveCfg = Release|Any CPU
		{2B72AC35-4223-4625-8A9C-C3F11F9837BF}.Release|Any CPU.Build.0 = Release|Any CPU
	EndGlobalSection
	GlobalSection(SolutionProperties) = preSolution
		HideSolutionNode = FALSE
	EndGlobalSection
	GlobalSection(ExtensibilityGlobals) = postSolution
		SolutionGuid = {BA18D50A-B2FC-4353-AAD1-A83F78AD03C0}
	EndGlobalSection
EndGlobal
