
Microsoft Visual Studio Solution File, Format Version 12.00
# Visual Studio Version 16
VisualStudioVersion = 16.0.30907.101
MinimumVisualStudioVersion = 10.0.40219.1
Project("{9A19103F-16F7-4668-BE54-9A1E7A4F7556}") = "MarkingService", "MarkingService\MarkingService.csproj", "{C49A27E3-406E-41E7-975F-C53B2E79EF7F}"
EndProject
Project("{9A19103F-16F7-4668-BE54-9A1E7A4F7556}") = "ProtectorLib", "ProtectorLib\ProtectorLib.csproj", "{9C49ED60-F4C0-4392-8AA9-00E4E2DC3E04}"
EndProject
Project("{9A19103F-16F7-4668-BE54-9A1E7A4F7556}") = "ScanService", "ScanService\ScanService.csproj", "{CA5B133E-7C59-4FDA-9E60-9BA4B87F552E}"
EndProject
Project("{9A19103F-16F7-4668-BE54-9A1E7A4F7556}") = "CatalogService", "CatalogService\CatalogService.csproj", "{0BA2AB83-4DA9-4416-A943-2EF4FA63E3C3}"
EndProject
Project("{9A19103F-16F7-4668-BE54-9A1E7A4F7556}") = "DeleteService", "DeleteService\DeleteService.csproj", "{D28BEFD4-C504-4C04-AE54-6F8EABA9C3C0}"
EndProject
Project("{2150E333-8FDC-42A3-9474-1A3956D46DE8}") = "Shared", "Shared", "{2F30D1E9-5D18-4892-B2D5-4DCF0DBEBDE6}"
	ProjectSection(SolutionItems) = preProject
		Shared\appsettings.Development.json = Shared\appsettings.Development.json
		Shared\appsettings.json = Shared\appsettings.json
	EndProjectSection
EndProject
Project("{9A19103F-16F7-4668-BE54-9A1E7A4F7556}") = "ProtectorLib.Models", "ProtectorLib.Models\ProtectorLib.Models.csproj", "{36AF8EC5-56C0-4590-880D-3F5CFF508AC0}"
EndProject
Project("{9A19103F-16F7-4668-BE54-9A1E7A4F7556}") = "MessageServiceRunHandlerService", "MessageServiceRunHandlerService\MessageServiceRunHandlerService.csproj", "{E18302E8-8858-4C98-985B-49309721D95D}"
EndProject
Project("{9A19103F-16F7-4668-BE54-9A1E7A4F7556}") = "MessageEmailHandlerService", "MessageEmailHandlerService\MessageEmailHandlerService.csproj", "{0797C43B-3597-4E44-AC36-FD6803A558AA}"
EndProject
Project("{2150E333-8FDC-42A3-9474-1A3956D46DE8}") = "MessageConsumers", "MessageConsumers", "{C3AD736A-ED38-4EF3-BCF6-AF84AF93F4D5}"
EndProject
Global
	GlobalSection(SolutionConfigurationPlatforms) = preSolution
		Debug|Any CPU = Debug|Any CPU
		Release|Any CPU = Release|Any CPU
	EndGlobalSection
	GlobalSection(ProjectConfigurationPlatforms) = postSolution
		{C49A27E3-406E-41E7-975F-C53B2E79EF7F}.Debug|Any CPU.ActiveCfg = Debug|Any CPU
		{C49A27E3-406E-41E7-975F-C53B2E79EF7F}.Debug|Any CPU.Build.0 = Debug|Any CPU
		{C49A27E3-406E-41E7-975F-C53B2E79EF7F}.Release|Any CPU.ActiveCfg = Release|Any CPU
		{C49A27E3-406E-41E7-975F-C53B2E79EF7F}.Release|Any CPU.Build.0 = Release|Any CPU
		{9C49ED60-F4C0-4392-8AA9-00E4E2DC3E04}.Debug|Any CPU.ActiveCfg = Debug|Any CPU
		{9C49ED60-F4C0-4392-8AA9-00E4E2DC3E04}.Debug|Any CPU.Build.0 = Debug|Any CPU
		{9C49ED60-F4C0-4392-8AA9-00E4E2DC3E04}.Release|Any CPU.ActiveCfg = Release|Any CPU
		{9C49ED60-F4C0-4392-8AA9-00E4E2DC3E04}.Release|Any CPU.Build.0 = Release|Any CPU
		{CA5B133E-7C59-4FDA-9E60-9BA4B87F552E}.Debug|Any CPU.ActiveCfg = Debug|Any CPU
		{CA5B133E-7C59-4FDA-9E60-9BA4B87F552E}.Debug|Any CPU.Build.0 = Debug|Any CPU
		{CA5B133E-7C59-4FDA-9E60-9BA4B87F552E}.Release|Any CPU.ActiveCfg = Release|Any CPU
		{CA5B133E-7C59-4FDA-9E60-9BA4B87F552E}.Release|Any CPU.Build.0 = Release|Any CPU
		{0BA2AB83-4DA9-4416-A943-2EF4FA63E3C3}.Debug|Any CPU.ActiveCfg = Debug|Any CPU
		{0BA2AB83-4DA9-4416-A943-2EF4FA63E3C3}.Debug|Any CPU.Build.0 = Debug|Any CPU
		{0BA2AB83-4DA9-4416-A943-2EF4FA63E3C3}.Release|Any CPU.ActiveCfg = Release|Any CPU
		{0BA2AB83-4DA9-4416-A943-2EF4FA63E3C3}.Release|Any CPU.Build.0 = Release|Any CPU
		{D28BEFD4-C504-4C04-AE54-6F8EABA9C3C0}.Debug|Any CPU.ActiveCfg = Debug|Any CPU
		{D28BEFD4-C504-4C04-AE54-6F8EABA9C3C0}.Debug|Any CPU.Build.0 = Debug|Any CPU
		{D28BEFD4-C504-4C04-AE54-6F8EABA9C3C0}.Release|Any CPU.ActiveCfg = Release|Any CPU
		{D28BEFD4-C504-4C04-AE54-6F8EABA9C3C0}.Release|Any CPU.Build.0 = Release|Any CPU
		{36AF8EC5-56C0-4590-880D-3F5CFF508AC0}.Debug|Any CPU.ActiveCfg = Debug|Any CPU
		{36AF8EC5-56C0-4590-880D-3F5CFF508AC0}.Debug|Any CPU.Build.0 = Debug|Any CPU
		{36AF8EC5-56C0-4590-880D-3F5CFF508AC0}.Release|Any CPU.ActiveCfg = Release|Any CPU
		{36AF8EC5-56C0-4590-880D-3F5CFF508AC0}.Release|Any CPU.Build.0 = Release|Any CPU
		{E18302E8-8858-4C98-985B-49309721D95D}.Debug|Any CPU.ActiveCfg = Debug|Any CPU
		{E18302E8-8858-4C98-985B-49309721D95D}.Debug|Any CPU.Build.0 = Debug|Any CPU
		{E18302E8-8858-4C98-985B-49309721D95D}.Release|Any CPU.ActiveCfg = Release|Any CPU
		{E18302E8-8858-4C98-985B-49309721D95D}.Release|Any CPU.Build.0 = Release|Any CPU
		{0797C43B-3597-4E44-AC36-FD6803A558AA}.Debug|Any CPU.ActiveCfg = Debug|Any CPU
		{0797C43B-3597-4E44-AC36-FD6803A558AA}.Debug|Any CPU.Build.0 = Debug|Any CPU
		{0797C43B-3597-4E44-AC36-FD6803A558AA}.Release|Any CPU.ActiveCfg = Release|Any CPU
		{0797C43B-3597-4E44-AC36-FD6803A558AA}.Release|Any CPU.Build.0 = Release|Any CPU
	EndGlobalSection
	GlobalSection(SolutionProperties) = preSolution
		HideSolutionNode = FALSE
	EndGlobalSection
	GlobalSection(NestedProjects) = preSolution
		{E18302E8-8858-4C98-985B-49309721D95D} = {C3AD736A-ED38-4EF3-BCF6-AF84AF93F4D5}
		{0797C43B-3597-4E44-AC36-FD6803A558AA} = {C3AD736A-ED38-4EF3-BCF6-AF84AF93F4D5}
	EndGlobalSection
	GlobalSection(ExtensibilityGlobals) = postSolution
		SolutionGuid = {F23C4BB3-F756-4227-886A-E31D1D460138}
	EndGlobalSection
EndGlobal
